bitbucket.oci.oraclecorp.com/GOPLEX/tagging v0.0.0-20190321202046-20a2e48911da h1:nZa2pDAMXjXO8lzZaFi49NLvZF6LZ1hZuOXpdDlx6rs=
bitbucket.oci.oraclecorp.com/GOPLEX/tagging v0.0.0-20190321202046-20a2e48911da/go.mod h1:zViK3CanICeUISIJLcmXLu8vV5gWZ78c+12hsmb9i58=
bitbucket.oci.oraclecorp.com/goiam/httpsigner v0.0.0-20190320175442-e8cb27ebf440 h1:kyDncMt7uPz4SJ91k3tmivOVYIfEvuMwHRfkZWbb3j8=
bitbucket.oci.oraclecorp.com/goiam/httpsigner v0.0.0-20190320175442-e8cb27ebf440/go.mod h1:J3D6IDrNzKb3HGZxGTS0RDCAdWbOdJUpE8v56+VuZfE=
bitbucket.oci.oraclecorp.com/goiam/ociauthz v0.0.0-20200515161105-5b1e37d2dc95 h1:sm/zXP6mpJjufxJ4+DQiszsyvUC6471K8fjckTDl9mQ=
bitbucket.oci.oraclecorp.com/goiam/ociauthz v0.0.0-20200515161105-5b1e37d2dc95/go.mod h1:NVqpQseh+5U+aZrCoTdFWnMSzDVMuD328Ib1cZq7DAw=
bitbucket.oci.oraclecorp.com/oke/bmc-go-sdk v0.0.0-20180119173458-fe578152e621 h1:M1WcJxHwJnkbsSHqVW+Qvt4am3JTAzsXBpOV9Z6v4+M=
bitbucket.oci.oraclecorp.com/oke/bmc-go-sdk v0.0.0-20180119173458-fe578152e621/go.mod h1:QsX8wOl/1qYr+wRFQzl1AunrURQLg56MhPu3aMzyXas=
bitbucket.oci.oraclecorp.com/oke/oke-common v1.0.1-0.20220429183118-f0129d710185 h1:ce+1Z2Bvv+gqbmC1n+RUZ8dMG9QGEMoW95PA6G1p11U=
bitbucket.oci.oraclecorp.com/oke/oke-common v1.0.1-0.20220429183118-f0129d710185/go.mod h1:UZ8NMW2U4h4NVbHaP6TYLjRKkvUBuSAtEspw23Um2WI=
bitbucket.oci.oraclecorp.com/sdk/oci-go-sdk/v65 v65.18.1-p.0.20220831194506-202dd70b5937 h1:JBgy3VPvCw5HTVlDCUBcOzSPzlvgUlFVWMeePGcfK/c=
bitbucket.oci.oraclecorp.com/sdk/oci-go-sdk/v65 v65.18.1-p.0.20220831194506-202dd70b5937/go.mod h1:oyMrMa1vOzzKTmPN+kqrTR9y9kPA2tU1igN3NUSNTIE=
github.com/Azure/go-ansiterm v0.0.0-20210617225240-d185dfc1b5a1 h1:UQHMgLO+TxOElx5B5HZ4hJQsoJ/PvUvKRhJHDQXO8P8=
github.com/Azure/go-ansiterm v0.0.0-20210617225240-d185dfc1b5a1/go.mod h1:xomTg63KZ2rFqZQzSB4Vz2SUXa1BpHTVz9L5PTmPC4E=
github.com/NYTimes/gziphandler v1.1.1 h1:ZUDjpQae29j0ryrS0u/B8HZfJBtBQHjqw2rQ2cqUQ3I=
github.com/NYTimes/gziphandler v1.1.1/go.mod h1:n/CVRwUEOgIxrgPvAQhUUr9oeUtvrhMomdKFjzJNB0c=
github.com/PuerkitoBio/purell v1.1.1 h1:WEQqlqaGbrPkxLJWfBwQmfEAE1Z7ONdDLqrN38tNFfI=
github.com/PuerkitoBio/purell v1.1.1/go.mod h1:c11w/QuzBsJSee3cPx9rAFu61PvFxuPbtSwDGJws/X0=
github.com/PuerkitoBio/urlesc v0.0.0-20170810143723-de5bf2ad4578 h1:d+Bc7a5rLufV/sSk/8dngufqelfh6jnri85riMAaF/M=
github.com/PuerkitoBio/urlesc v0.0.0-20170810143723-de5bf2ad4578/go.mod h1:uGdkoq3SwY9Y+13GIhn11/XLaGBb4BfwItxLd5jeuXE=
github.com/beorn7/perks v1.0.1 h1:VlbKKnNfV8bJzeqoa4cOKqO6bYr3WgKZxO8Z16+hsOM=
github.com/beorn7/perks v1.0.1/go.mod h1:G2ZrVWU2WbWT9wwq4/hrbKbnv/1ERSJQ0ibhJ6rlkpw=
github.com/blang/semver/v4 v4.0.0 h1:1PFHFE6yCCTv8C1TeyNNarDzntLi7wMI5i/pzqYIsAM=
github.com/blang/semver/v4 v4.0.0/go.mod h1:IbckMUScFkM3pff0VJDNKRiT6TG/YpiHIM2yvyW5YoQ=
github.com/cespare/xxhash/v2 v2.1.2 h1:YRXhKfTDauu4ajMg1TPgFO5jnlC2HCbmLXMcTG5cbYE=
github.com/cespare/xxhash/v2 v2.1.2/go.mod h1:VGX0DQ3Q6kWi7AoAeZDth3/j3BFtOZR5XLFGgcrjCOs=
github.com/container-storage-interface/spec v1.6.0 h1:vwN9uCciKygX/a0toYryoYD5+qI9ZFeAMuhEEKO+JBA=
github.com/container-storage-interface/spec v1.6.0/go.mod h1:8K96oQNkJ7pFcC2R9Z1ynGGBB1I93kcS6PGg3SsOk8s=
github.com/coreos/go-semver v0.3.0 h1:wkHLiw0WNATZnSG7epLsujiMCgPAc9xhjJ4tgnAxmfM=
github.com/coreos/go-semver v0.3.0/go.mod h1:nnelYz7RCh+5ahJtPPxZlU+153eP4D4r3EedlOD2RNk=
github.com/coreos/go-systemd/v22 v22.3.2 h1:D9/bQk5vlXQFZ6Kwuu6zaiXJ9oTPe68++AzAJc1DzSI=
github.com/coreos/go-systemd/v22 v22.3.2/go.mod h1:Y58oyj3AT4RCenI/lSvhwexgC+NSVTIJ3seZv2GcEnc=
github.com/davecgh/go-spew v1.1.1 h1:vj9j/u1bqnvCEfJOwUhtlOARqs3+rkHYY13jYWTU97c=
github.com/davecgh/go-spew v1.1.1/go.mod h1:J7Y8YcW2NihsgmVo/mv3lAwl/skON4iLHjSsI+c5H38=
github.com/docker/distribution v2.8.1+incompatible h1:Q50tZOPR6T/hjNsyc9g8/syEs6bk8XXApsHjKukMl68=
github.com/docker/distribution v2.8.1+incompatible/go.mod h1:J2gT2udsDAN96Uj4KfcMRqY0/ypR+oyYUYmja8H+y+w=
github.com/emicklei/go-restful v2.15.0+incompatible h1:8KpYO/Xl/ZudZs5RNOEhWMBY4hmzlZhhRd9cu+jrZP4=
github.com/emicklei/go-restful v2.15.0+incompatible/go.mod h1:otzb+WCGbkyDHkqmQmT5YD2WR4BBwUdeQoFo8l/7tVs=
github.com/evanphx/json-patch v5.6.0+incompatible h1:jBYDEEiFBPxA0v50tFdvOzQQTCvpL6mnFh5mB2/l16U=
github.com/evanphx/json-patch v5.6.0+incompatible/go.mod h1:50XU6AFN0ol/bzJsmQLiYLvXMP4fmwYFNcr97nuDLSk=
github.com/felixge/httpsnoop v1.0.1 h1:lvB5Jl89CsZtGIWuTcDM1E/vkVs49/Ml7JJe07l8SPQ=
github.com/felixge/httpsnoop v1.0.1/go.mod h1:m8KPJKqk1gH5J9DgRY2ASl2lWCfGKXixSwevea8zH2U=
github.com/fsnotify/fsnotify v1.5.1 h1:mZcQUHVQUQWoPXXtuf9yuEXKudkV2sx1E06UadKWpgI=
github.com/fsnotify/fsnotify v1.5.1/go.mod h1:T3375wBYaZdLLcVNkcVbzGHY7f1l/uK5T5Ai1i3InKU=
github.com/go-kit/kit v0.10.0 h1:dXFJfIHVvUcpSgDOV+Ne6t7jXri8Tfv2uOLHUZ2XNuo=
github.com/go-kit/kit v0.10.0/go.mod h1:xUsJbQ/Fp4kEt7AFgCuvyX4a71u8h9jB8tj/ORgOZ7o=
github.com/go-logr/logr v1.2.3 h1:2DntVwHkVopvECVRSlL5PSo9eG+cAkDCuckLubN+rq0=
github.com/go-logr/logr v1.2.3/go.mod h1:jdQByPbusPIv2/zmleS9BjJVeZ6kBagPoEUsqbVz/1A=
github.com/go-logr/zapr v1.2.0 h1:n4JnPI1T3Qq1SFEi/F8rwLrZERp2bso19PJZDB9dayk=
github.com/go-logr/zapr v1.2.0/go.mod h1:Qa4Bsj2Vb+FAVeAKsLD8RLQ+YRJB8YDmOAKxaBQf7Ro=
github.com/go-openapi/jsonpointer v0.19.5 h1:gZr+CIYByUqjcgeLXnQu2gHYQC9o73G2XUeOFYEICuY=
github.com/go-openapi/jsonpointer v0.19.5/go.mod h1:Pl9vOtqEWErmShwVjC8pYs9cog34VGT37dQOVbmoatg=
github.com/go-openapi/jsonreference v0.19.6 h1:UBIxjkht+AWIgYzCDSv2GN+E/togfwXUJFRTWhl2Jjs=
github.com/go-openapi/jsonreference v0.19.6/go.mod h1:diGHMEHg2IqXZGKxqyvWdfWU/aim5Dprw5bqpKkTvns=
github.com/go-openapi/swag v0.21.1 h1:wm0rhTb5z7qpJRHBdPOMuY4QjVUMbF6/kwoYeRAOrKU=
github.com/go-openapi/swag v0.21.1/go.mod h1:QYRuS/SOXUCsnplDa677K7+DxSOj6IPNl/eQntq43wQ=
github.com/gofrs/flock v0.8.1 h1:+gYjHKf32LDeiEEFhQaotPbLuUXjY5ZqxKgXy7n59aw=
github.com/gofrs/flock v0.8.1/go.mod h1:F1TvTiK9OcQqauNUHlbJvyl9Qa1QvF/gOUDKA14jxHU=
github.com/gogo/protobuf v1.3.2 h1:Ov1cvc58UF3b5XjBnZv7+opcTcQFZebYjWzi34vdm4Q=
github.com/gogo/protobuf v1.3.2/go.mod h1:P1XiOD3dCwIKUDQYPy72D8LYyHL2YPYrpS2s69NZV8Q=
github.com/golang/groupcache v0.0.0-20210331224755-41bb18bfe9da h1:oI5xCqsCo564l8iNU+DwB5epxmsaqB+rhGL0m5jtYqE=
github.com/golang/groupcache v0.0.0-20210331224755-41bb18bfe9da/go.mod h1:cIg4eruTrX1D+g88fzRXU5OdNfaM+9IcxsU14FzY7Hc=
github.com/golang/protobuf v1.5.2 h1:ROPKBNFfQgOUMifHyP+KYbvpjbdoFNs+aK7DXlji0Tw=
github.com/golang/protobuf v1.5.2/go.mod h1:XVQd3VNwM+JqD3oG2Ue2ip4fOMUkwXdXDdiuN0vRsmY=
github.com/google/gnostic v0.6.8 h1:bT56GPYBWh1tvBuBEd94qcS3+60b+y0HQur0ITkGuCk=
github.com/google/gnostic v0.6.8/go.mod h1:Nm8234We1lq6iB9OmlgNv3nH91XLLVZHCDayfA3xq+E=
github.com/google/go-cmp v0.5.7 h1:81/ik6ipDQS2aGcBfIN5dHDB36BwrStyeAQquSYCV4o=
github.com/google/go-cmp v0.5.7/go.mod h1:n+brtR0CgQNWTVd5ZUFpTBC8YFBDLK/h/bpaJ8/DtOE=
github.com/google/go-querystring v1.0.0 h1:Xkwi/a1rcvNg1PPYe5vI8GbeBY/jrVuDX5ASuANWTrk=
github.com/google/go-querystring v1.0.0/go.mod h1:odCYkC5MyYFN7vkCjXpyrEuKhc/BUO6wN/zVPAxq5ck=
github.com/google/gofuzz v1.2.0 h1:xRy4A+RhZaiKjJ1bPfwQ8sedCA+YS2YcCHW6ec7JMi0=
github.com/google/gofuzz v1.2.0/go.mod h1:dBl0BpW6vV/+mYPU4Po3pmUjxk6FQPldtuIdl/M65Eg=
github.com/google/uuid v1.3.0 h1:t6JiXgmwXMjEs8VusXIJk2BXHsn+wx8BZdTaoZ5fu7I=
github.com/google/uuid v1.3.0/go.mod h1:TIyPZe4MgqvfeYDBFedMoGGpEw/LqOeaOT+nhxU+yHo=
github.com/grpc-ecosystem/go-grpc-middleware v1.3.0 h1:+9834+KizmvFV7pXQGSXQTsaWhq2GjuNUt0aUU0YBYw=
github.com/grpc-ecosystem/go-grpc-middleware v1.3.0/go.mod h1:z0ButlSOZa5vEBq9m2m2hlwIgKw+rp3sdCBRoJY+30Y=
github.com/grpc-ecosystem/go-grpc-prometheus v1.2.0 h1:Ovs26xHkKqVztRpIrF/92BcuyuQ/YW4NSIpoGtfXNho=
github.com/grpc-ecosystem/go-grpc-prometheus v1.2.0/go.mod h1:8NvIoxWQoOIhqOTXgfV/d3M/q6VIi02HzZEHgUlZvzk=
github.com/grpc-ecosystem/grpc-gateway v1.16.0 h1:gmcG1KaJ57LophUzW0Hy8NmPhnMZb4M0+kPpLofRdBo=
github.com/grpc-ecosystem/grpc-gateway v1.16.0/go.mod h1:BDjrQk3hbvj6Nolgz8mAMFbcEtjT1g+wF4CSlocrBnw=
github.com/hashicorp/hcl v1.0.0 h1:0Anlzjpi4vEasTeNFn2mLJgTSwt0+6sfsiTG8qcWGx4=
github.com/hashicorp/hcl v1.0.0/go.mod h1:E5yfLk+7swimpb2L/Alb/PJmXilQ/rhwaUYs4T20WEQ=
github.com/imdario/mergo v0.3.12 h1:b6R2BslTbIEToALKP7LxUvijTsNI9TAe80pLWN2g/HU=
github.com/imdario/mergo v0.3.12/go.mod h1:jmQim1M+e3UYxmgPu/WyfjB3N3VflVyUjjjwH0dnCYA=
github.com/inconshreveable/mousetrap v1.0.0 h1:Z8tu5sraLXCXIcARxBp/8cbvlwVa7Z1NHg9XEKhtSvM=
github.com/inconshreveable/mousetrap v1.0.0/go.mod h1:PxqpIevigyE2G7u3NXJIT2ANytuPF1OarO4DADm73n8=
github.com/josharian/intern v1.0.0 h1:vlS4z54oSdjm0bgjRigI+G1HpF+tI+9rE5LLzOg8HmY=
github.com/josharian/intern v1.0.0/go.mod h1:5DoeVV0s6jJacbCEi61lwdGj/aVlrQvzHFFd8Hwg//Y=
github.com/json-iterator/go v1.1.12 h1:PV8peI4a0ysnczrg+LtxykD8LfKY9ML6u2jnxaEnrnM=
github.com/json-iterator/go v1.1.12/go.mod h1:e30LSqwooZae/UwlEbR2852Gd8hjQvJoHmT4TnhNGBo=
github.com/kubernetes-csi/csi-lib-utils v0.11.0 h1:FHWOBtAZBA/hVk7v/qaXgG9Sxv0/n06DebPFuDwumqg=
github.com/kubernetes-csi/csi-lib-utils v0.11.0/go.mod h1:BmGZZB16L18+9+Lgg9YWwBKfNEHIDdgGfAyuW6p2NV0=
github.com/kubernetes-csi/external-attacher v0.0.0-20220607140055-8d337281e065 h1:7qzsVksxpD1byTKl6J3DMvC8lFShfBxLKjBZzFSP0Z4=
github.com/kubernetes-csi/external-attacher v0.0.0-20220607140055-8d337281e065/go.mod h1:AMqjRKBOiII0WRcHh7Vk/TP09uuAZgIipWf0EpqZzNc=
github.com/kubernetes-csi/external-provisioner v0.0.0-20220610061345-7f08effe3de5 h1:SfJt8VA7Wqa9kVyR+1rNNp50rmRg+eb3fwqQWDYohig=
github.com/kubernetes-csi/external-provisioner v0.0.0-20220610061345-7f08effe3de5/go.mod h1:BXm3VWUyV1GoO/6jGxVZr2n0S81dzPc5Mu1tBw0eIuI=
github.com/kubernetes-csi/external-resizer v0.0.0-20220615155319-a76b4d2afe86 h1:L5eqeaomoXyxAvtKBICK9e/ILoh6kmY75d6a0jR83nU=
github.com/kubernetes-csi/external-resizer v0.0.0-20220615155319-a76b4d2afe86/go.mod h1:w7XFY/6CvGGz7VmlFRstJx8WDx/0WKxg5cHIUM2YK9k=
github.com/kubernetes-csi/external-snapshotter/client/v6 v6.0.1 h1:OqBS3UAo3eGWplYXoMLaWnx/7Zj5Ogh0VO/FuVOL+/o=
github.com/kubernetes-csi/external-snapshotter/client/v6 v6.0.1/go.mod h1:tnHiLn3P10N95fjn7O40QH5ovN0EFGAxqdTpUMrX6bU=
github.com/magiconair/properties v1.8.5 h1:b6kJs+EmPFMYGkow9GiUyCyOvIwYetYJ3fSaWak/Gls=
github.com/magiconair/properties v1.8.5/go.mod h1:y3VJvCyxH9uVvJTWEGAELF3aiYNyPKd5NZ3oSwXrF60=
github.com/mailru/easyjson v0.7.7 h1:UGYAvKxe3sBsEDzO8ZeWOSlIQfWFlxbzLZe7hwFURr0=
github.com/mailru/easyjson v0.7.7/go.mod h1:xzfreul335JAWq5oZzymOObrkdz5UnU4kGfJJLY9Nlc=
github.com/matttproud/golang_protobuf_extensions v1.0.2-0.20181231171920-c182affec369 h1:I0XW9+e1XWDxdcEniV4rQAIOPUGDq67JSCiRCgGCZLI=
github.com/matttproud/golang_protobuf_extensions v1.0.2-0.20181231171920-c182affec369/go.mod h1:BSXmuO+STAnVfrANrmjBb36TMTDstsz7MSK+HVaYKv4=
github.com/miekg/dns v1.1.48 h1:Ucfr7IIVyMBz4lRE8qmGUuZ4Wt3/ZGu9hmcMT3Uu4tQ=
github.com/miekg/dns v1.1.48/go.mod h1:e3IlAVfNqAllflbibAZEWOXOQ+Ynzk/dDozDxY7XnME=
github.com/mitchellh/mapstructure v1.4.1 h1:CpVNEelQCZBooIPDn+AR3NpivK/TIKU8bDxdASFVQag=
github.com/mitchellh/mapstructure v1.4.1/go.mod h1:bFUtVrKA4DC2yAKiSyO/QUcy7e+RRV2QTWOzhPopBRo=
github.com/moby/spdystream v0.2.0 h1:cjW1zVyyoiM0T7b6UoySUFqzXMoqRckQtXwGPiBhOM8=
github.com/moby/spdystream v0.2.0/go.mod h1:f7i0iNDQJ059oMTcWxx8MA/zKFIuD/lY+0GqbN2Wy8c=
github.com/moby/term v0.0.0-20210619224110-3f7ff695adc6 h1:dcztxKSvZ4Id8iPpHERQBbIJfabdt4wUm5qy3wOL2Zc=
github.com/moby/term v0.0.0-20210619224110-3f7ff695adc6/go.mod h1:E2VnQOmVuvZB6UYnnDB0qG5Nq/1tD9acaOpo6xmt0Kw=
github.com/modern-go/concurrent v0.0.0-20180306012644-bacd9c7ef1dd h1:TRLaZ9cD/w8PVh93nsPXa1VrQ6jlwL5oN8l14QlcNfg=
github.com/modern-go/concurrent v0.0.0-20180306012644-bacd9c7ef1dd/go.mod h1:6dJC0mAP4ikYIbvyc7fijjWJddQyLn8Ig3JB5CqoB9Q=
github.com/modern-go/reflect2 v1.0.2 h1:xBagoLtFs94CBntxluKeaWgTMpvLxC4ur3nMaC9Gz0M=
github.com/modern-go/reflect2 v1.0.2/go.mod h1:yWuevngMOJpCy52FWWMvUC8ws7m/LJsjYzDa0/r8luk=
github.com/munnerz/goautoneg v0.0.0-20191010083416-a7dc8b61c822 h1:C3w9PqII01/Oq1c1nUAm88MOHcQC9l5mIlSMApZMrHA=
github.com/munnerz/goautoneg v0.0.0-20191010083416-a7dc8b61c822/go.mod h1:+n7T8mK8HuQTcFwEeznm/DIxMOiR9yIdICNftLE1DvQ=
github.com/nxadm/tail v1.4.8 h1:nPr65rt6Y5JFSKQO7qToXr7pePgD6Gwiw05lkbyAQTE=
github.com/nxadm/tail v1.4.8/go.mod h1:+ncqLTQzXmGhMZNUePPaPqPvBxHAIsmXswZKocGu+AU=
github.com/onsi/ginkgo v1.16.5 h1:8xi0RTUf59SOSfEtZMvwTvXYMzG4gV23XVHOZiXNtnE=
github.com/onsi/ginkgo v1.16.5/go.mod h1:+E8gABHa3K6zRBolWtd+ROzc/U5bkGt0FwiG042wbpU=
github.com/onsi/gomega v1.17.0 h1:9Luw4uT5HTjHTN8+aNcSThgH1vdXnmdJ8xIfZ4wyTRE=
github.com/onsi/gomega v1.17.0/go.mod h1:HnhC7FXeEQY45zxNK3PPoIUhzk/80Xly9PcubAlGdZY=
github.com/opencontainers/go-digest v1.0.0 h1:apOUWs51W5PlhuyGyz9FCeeBIOUDA/6nW8Oi/yOhh5U=
github.com/opencontainers/go-digest v1.0.0/go.mod h1:0JzlMkj0TRzQZfJkVvzbP0HBR3IKzErnv2BNG4W4MAM=
github.com/opencontainers/selinux v1.10.0 h1:rAiKF8hTcgLI3w0DHm6i0ylVVcOrlgR1kK99DRLDhyU=
github.com/opencontainers/selinux v1.10.0/go.mod h1:2i0OySw99QjzBBQByd1Gr9gSjvuho1lHsJxIJ3gGbJI=
github.com/pelletier/go-toml v1.9.3 h1:zeC5b1GviRUyKYd6OJPvBU/mcVDVoL1OhT17FCt5dSQ=
github.com/pelletier/go-toml v1.9.3/go.mod h1:u1nR/EPcESfeI/szUZKdtJ0xRNbUoANCkoOuaOx1Y+c=
github.com/pkg/errors v0.9.1 h1:FEBLx1zS214owpjy7qsBeixbURkuhQAwrK5UwLGTwt4=
github.com/pkg/errors v0.9.1/go.mod h1:bwawxfHBFNV+L2hUp1rHADufV3IMtnDRdf1r5NINEl0=
github.com/pmezard/go-difflib v1.0.0 h1:4DBwDE0NGyQoBHbLQYPwSUPoCMWR5BEzIk/f1lZbAQM=
github.com/pmezard/go-difflib v1.0.0/go.mod h1:iKH77koFhYxTK1pcRnkKkqfTogsbg7gZNVY4sRDYZ/4=
github.com/prometheus/client_golang v1.11.0 h1:HNkLOAEQMIDv/K+04rukrLx6ch7msSRwf3/SASFAGtQ=
github.com/prometheus/client_golang v1.11.0/go.mod h1:Z6t4BnS23TR94PD6BsDNk8yVqroYurpAkEiz0P2BEV0=
github.com/prometheus/client_model v0.2.0 h1:uq5h0d+GuxiXLJLNABMgp2qUWDPiLvgCzz2dUR+/W/M=
github.com/prometheus/client_model v0.2.0/go.mod h1:xMI15A0UPsDsEKsMN9yxemIoYk6Tm2C1GtYGdfGttqA=
github.com/prometheus/common v0.33.0 h1:rHgav/0a6+uYgGdNt3jwz8FNSesO/Hsang3O0T9A5SE=
github.com/prometheus/common v0.33.0/go.mod h1:gB3sOl7P0TvJabZpLY5uQMpUqRCPPCyRLCZYc7JZTNE=
github.com/prometheus/procfs v0.7.3 h1:4jVXhlkAyzOScmCkXBTOLRLTz8EeU+eyjrwB/EPq0VU=
github.com/prometheus/procfs v0.7.3/go.mod h1:cz+aTbrPOrUb4q7XlbU9ygM+/jj0fzG6c1xBZuNvfVA=
github.com/sirupsen/logrus v1.8.1 h1:dJKuHgqk1NNQlqoA6BTlM1Wf9DOH3NBjQyu0h9+AZZE=
github.com/sirupsen/logrus v1.8.1/go.mod h1:yWOB1SBYBC5VeMP7gHvWumXLIWorT60ONWic61uBYv0=
github.com/sony/gobreaker v0.5.0 h1:dRCvqm0P490vZPmy7ppEk2qCnCieBooFJ+YoXGYB+yg=
github.com/sony/gobreaker v0.5.0/go.mod h1:ZKptC7FHNvhBz7dN2LGjPVBz2sZJmc0/PkyDJOjmxWY=
github.com/spf13/afero v1.6.0 h1:xoax2sJ2DT8S8xA2paPFjDCScCNeWsg75VG0DLRreiY=
github.com/spf13/afero v1.6.0/go.mod h1:Ai8FlHk4v/PARR026UzYexafAt9roJ7LcLMAmO6Z93I=
github.com/spf13/cast v1.3.1 h1:nFm6S0SMdyzrzcmThSipiEubIDy8WEXKNZ0UOgiRpng=
github.com/spf13/cast v1.3.1/go.mod h1:Qx5cxh0v+4UWYiBimWS+eyWzqEqokIECu5etghLkUJE=
github.com/spf13/cobra v1.4.0 h1:y+wJpx64xcgO1V+RcnwW0LEHxTKRi2ZDPSBjWnrg88Q=
github.com/spf13/cobra v1.4.0/go.mod h1:Wo4iy3BUC+X2Fybo0PDqwJIv3dNRiZLHQymsfxlB84g=
github.com/spf13/jwalterweatherman v1.1.0 h1:ue6voC5bR5F8YxI5S67j9i582FU4Qvo2bmqnqMYADFk=
github.com/spf13/jwalterweatherman v1.1.0/go.mod h1:aNWZUN0dPAAO/Ljvb5BEdw96iTZ0EXowPYD95IqWIGo=
github.com/spf13/pflag v1.0.5 h1:iy+VFUOCP1a+8yFto/drg2CJ5u0yRoB7fZw3DKv/JXA=
github.com/spf13/pflag v1.0.5/go.mod h1:McXfInJRrz4CZXVZOBLb0bTZqETkiAhM9Iw0y3An2Bg=
github.com/spf13/viper v1.8.1 h1:Kq1fyeebqsBfbjZj4EL7gj2IO0mMaiyjYUWcUsl2O44=
github.com/spf13/viper v1.8.1/go.mod h1:o0Pch8wJ9BVSWGQMbra6iw0oQ5oktSIBaujf1rJH9Ns=
github.com/stretchr/testify v1.7.0 h1:nwc3DEeHmmLAfoZucVR881uASk0Mfjw8xYJ99tb5CcY=
github.com/stretchr/testify v1.7.0/go.mod h1:6Fq8oRcR53rry900zMqJjRRixrwX3KX962/h/Wwjteg=
github.com/subosito/gotenv v1.2.0 h1:Slr1R9HxAlEKefgq5jn9U+DnETlIUa6HfgEzj0g5d7s=
github.com/subosito/gotenv v1.2.0/go.mod h1:N0PQaV/YGNqwC0u51sEeR/aUtSLEXKX9iv69rRypqCw=
go.etcd.io/etcd/api/v3 v3.5.1 h1:v28cktvBq+7vGyJXF8G+rWJmj+1XUmMtqcLnH8hDocM=
go.etcd.io/etcd/api/v3 v3.5.1/go.mod h1:cbVKeC6lCfl7j/8jBhAK6aIYO9XOjdptoxU/nLQcPvs=
go.etcd.io/etcd/client/pkg/v3 v3.5.1 h1:XIQcHCFSG53bJETYeRJtIxdLv2EWRGxcfzR8lSnTH4E=
go.etcd.io/etcd/client/pkg/v3 v3.5.1/go.mod h1:IJHfcCEKxYu1Os13ZdwCwIUTUVGYTSAM3YSwc9/Ac1g=
go.etcd.io/etcd/client/v3 v3.5.1 h1:oImGuV5LGKjCqXdjkMHCyWa5OO1gYKCnC/1sgdfj1Uk=
go.etcd.io/etcd/client/v3 v3.5.1/go.mod h1:OnjH4M8OnAotwaB2l9bVgZzRFKru7/ZMoS46OtKyd3Q=
go.opentelemetry.io/contrib v0.20.0 h1:ubFQUn0VCZ0gPwIoJfBJVpeBlyRMxu8Mm/huKWYd9p0=
go.opentelemetry.io/contrib v0.20.0/go.mod h1:G/EtFaa6qaN7+LxqfIAT3GiZa7Wv5DTBUzl5H4LY0Kc=
go.opentelemetry.io/contrib/instrumentation/google.golang.org/grpc/otelgrpc v0.20.0 h1:sO4WKdPAudZGKPcpZT4MJn6JaDmpyLrMPDGGyA1SttE=
go.opentelemetry.io/contrib/instrumentation/google.golang.org/grpc/otelgrpc v0.20.0/go.mod h1:oVGt1LRbBOBq1A5BQLlUg9UaU/54aiHw8cgjV3aWZ/E=
go.opentelemetry.io/contrib/instrumentation/net/http/otelhttp v0.20.0 h1:Q3C9yzW6I9jqEc8sawxzxZmY48fs9u220KXq6d5s3XU=
go.opentelemetry.io/contrib/instrumentation/net/http/otelhttp v0.20.0/go.mod h1:2AboqHi0CiIZU0qwhtUfCYD1GeUzvvIXWNkhDt7ZMG4=
go.opentelemetry.io/otel v0.20.0 h1:eaP0Fqu7SXHwvjiqDq83zImeehOHX8doTvU9AwXON8g=
go.opentelemetry.io/otel v0.20.0/go.mod h1:Y3ugLH2oa81t5QO+Lty+zXf8zC9L26ax4Nzoxm/dooo=
go.opentelemetry.io/otel/exporters/otlp v0.20.0 h1:PTNgq9MRmQqqJY0REVbZFvwkYOA85vbdQU/nVfxDyqg=
go.opentelemetry.io/otel/exporters/otlp v0.20.0/go.mod h1:YIieizyaN77rtLJra0buKiNBOm9XQfkPEKBeuhoMwAM=
go.opentelemetry.io/otel/metric v0.20.0 h1:4kzhXFP+btKm4jwxpjIqjs41A7MakRFUS86bqLHTIw8=
go.opentelemetry.io/otel/metric v0.20.0/go.mod h1:598I5tYlH1vzBjn+BTuhzTCSb/9debfNp6R3s7Pr1eU=
go.opentelemetry.io/otel/sdk v0.20.0 h1:JsxtGXd06J8jrnya7fdI/U/MR6yXA5DtbZy+qoHQlr8=
go.opentelemetry.io/otel/sdk v0.20.0/go.mod h1:g/IcepuwNsoiX5Byy2nNV0ySUF1em498m7hBWC279Yc=
go.opentelemetry.io/otel/sdk/export/metric v0.20.0 h1:c5VRjxCXdQlx1HjzwGdQHzZaVI82b5EbBgOu2ljD92g=
go.opentelemetry.io/otel/sdk/export/metric v0.20.0/go.mod h1:h7RBNMsDJ5pmI1zExLi+bJK+Dr8NQCh0qGhm1KDnNlE=
go.opentelemetry.io/otel/sdk/metric v0.20.0 h1:7ao1wpzHRVKf0OQ7GIxiQJA6X7DLX9o14gmVon7mMK8=
go.opentelemetry.io/otel/sdk/metric v0.20.0/go.mod h1:knxiS8Xd4E/N+ZqKmUPf3gTTZ4/0TjTXukfxjzSTpHE=
go.opentelemetry.io/otel/trace v0.20.0 h1:1DL6EXUdcg95gukhuRRvLDO/4X5THh/5dIV52lqtnbw=
go.opentelemetry.io/otel/trace v0.20.0/go.mod h1:6GjCW8zgDjwGHGa6GkyeB8+/5vjT16gUEi0Nf1iBdgw=
go.opentelemetry.io/proto/otlp v0.7.0 h1:rwOQPCuKAKmwGKq2aVNnYIibI6wnV7EvzgfTCzcdGg8=
go.opentelemetry.io/proto/otlp v0.7.0/go.mod h1:PqfVotwruBrMGOCsRd/89rSnXhoiJIqeYNgFYFoEGnI=
go.uber.org/atomic v1.7.0 h1:ADUqmZGgLDDfbSL9ZmPxKTybcoEYHgpYfELNoN+7hsw=
go.uber.org/atomic v1.7.0/go.mod h1:fEN4uk6kAWBTFdckzkM89CLk9XfWZrxpCo0nPH17wJc=
go.uber.org/multierr v1.6.0 h1:y6IPFStTAIT5Ytl7/XYmHvzXQ7S3g/IeZW9hyZ5thw4=
go.uber.org/multierr v1.6.0/go.mod h1:cdWPpRnG4AhwMwsgIHip0KRBQjJy5kYEpYjJxpXp9iU=
go.uber.org/zap v1.19.1 h1:ue41HOKd1vGURxrmeKIgELGb3jPW9DMUDGtsinblHwI=
go.uber.org/zap v1.19.1/go.mod h1:j3DNczoxDZroyBnOT1L/Q79cfUMGZxlv/9dzN7SM1rI=
golang.org/x/crypto v0.0.0-20220214200702-86341886e292 h1:f+lwQ+GtmgoY+A2YaQxlSOnDjXcQ7ZRLWOHbC6HtRqE=
golang.org/x/crypto v0.0.0-20220214200702-86341886e292/go.mod h1:IxCIyHEi3zRg3s0A5j5BB6A9Jmi73HwBIUl50j+osU4=
golang.org/x/mod v0.6.0-dev.0.20220106191415-9b9b3d81d5e3 h1:kQgndtyPBW/JIYERgdxfwMYh3AVStj88WQTlNDi2a+o=
golang.org/x/mod v0.6.0-dev.0.20220106191415-9b9b3d81d5e3/go.mod h1:3p9vT2HGsQu2K1YbXdKPJLVgG5VJdoTa1poYQBtP1AY=
golang.org/x/net v0.0.0-20220403103023-749bd193bc2b h1:vI32FkLJNAWtGD4BwkThwEy6XS7ZLLMHkSkYfF8M0W0=
golang.org/x/net v0.0.0-20220403103023-749bd193bc2b/go.mod h1:CfG3xpIq0wQ8r1q4Su4UZFWDARRcnwPjda9FqA0JpMk=
golang.org/x/oauth2 v0.0.0-20220309155454-6242fa91716a h1:qfl7ob3DIEs3Ml9oLuPwY2N04gymzAW04WsUQHIClgM=
golang.org/x/oauth2 v0.0.0-20220309155454-6242fa91716a/go.mod h1:DAh4E804XQdzx2j+YRIaUnCqCV2RuMz24cGBJ5QYIrc=
golang.org/x/sync v0.0.0-20210220032951-036812b2e83c h1:5KslGYwFpkhGh+Q16bwMP3cOontH8FOep7tGV86Y7SQ=
golang.org/x/sync v0.0.0-20210220032951-036812b2e83c/go.mod h1:RxMgew5VJxzue5/jJTE5uejpjVlOe/izrB70Jof72aM=
golang.org/x/sys v0.0.0-20220406163625-3f8b81556e12 h1:QyVthZKMsyaQwBTJE04jdNN0Pp5Fn9Qga0mrgxyERQM=
golang.org/x/sys v0.0.0-20220406163625-3f8b81556e12/go.mod h1:oPkhp1MJrh7nUepCBck5+mAzfO9JrbApNNgaTdGDITg=
golang.org/x/term v0.0.0-20210927222741-03fcf44c2211 h1:JGgROgKl9N8DuW20oFS5gxc+lE67/N3FcwmBPMe7ArY=
golang.org/x/term v0.0.0-20210927222741-03fcf44c2211/go.mod h1:jbD1KX2456YbFQfuXm/mYQcufACuNUgVhRMnK/tPxf8=
golang.org/x/text v0.3.7 h1:olpwvP2KacW1ZWvsR7uQhoyTYvKAupfQrRGBFM352Gk=
golang.org/x/text v0.3.7/go.mod h1:u+2+/6zg+i71rQMx5EYifcz6MCKuco9NR6JIITiCfzQ=
golang.org/x/time v0.0.0-20220224211638-0e9765cccd65 h1:M73Iuj3xbbb9Uk1DYhzydthsj6oOd6l9bpuFcNoUvTs=
golang.org/x/time v0.0.0-20220224211638-0e9765cccd65/go.mod h1:tRJNPiyCQ0inRvYxbN9jk5I+vvW/OXSQhTDSoE431IQ=
golang.org/x/tools v0.1.10 h1:QjFRCZxdOhBJ/UNgnBZLbNV13DlbnK0quyivTnXJM20=
golang.org/x/tools v0.1.10/go.mod h1:Uh6Zz+xoGYZom868N8YTex3t7RhtHDBrE8Gzo9bV56E=
golang.org/x/xerrors v0.0.0-20200804184101-5ec99f83aff1 h1:go1bK/D/BFZV2I8cIQd1NKEZ+0owSTG1fDTci4IqFcE=
golang.org/x/xerrors v0.0.0-20200804184101-5ec99f83aff1/go.mod h1:I/5z698sn9Ka8TeJc9MKroUUfqBBauWjQqLJ2OPfmY0=
gomodules.xyz/jsonpatch/v2 v2.2.0 h1:4pT439QV83L+G9FkcCriY6EkpcK6r6bK+A5FBUMI7qY=
gomodules.xyz/jsonpatch/v2 v2.2.0/go.mod h1:WXp+iVDkoLQqPudfQ9GBlwB2eZ5DKOnjQZCYdOS8GPY=
google.golang.org/appengine v1.6.7 h1:FZR1q0exgwxzPzp/aF+VccGrSfxfPpkBqjIIEq3ru6c=
google.golang.org/appengine v1.6.7/go.mod h1:8WjMMxjGQR8xUklV/ARdw2HLXBOI7O7uCIDZVag1xfc=
google.golang.org/genproto v0.0.0-20220405205423-9d709892a2bf h1:JTjwKJX9erVpsw17w+OIPP7iAgEkN/r8urhWSunEDTs=
google.golang.org/genproto v0.0.0-20220405205423-9d709892a2bf/go.mod h1:8w6bsBMX6yCPbAVTeqQHvzxW0EIFigd5lZyahWgyfDo=
google.golang.org/grpc v1.38.0 h1:/9BgsAsa5nWe26HqOlvlgJnqBuktYOLCgjCPqsa56W0=
google.golang.org/grpc v1.38.0/go.mod h1:NREThFqKR1f3iQ6oBuvc5LadQuXVGo9rkm5ZGrQdJfM=
google.golang.org/protobuf v1.28.0 h1:w43yiav+6bVFTBQFZX0r7ipe9JQ1QsbMgHwbBziscLw=
google.golang.org/protobuf v1.28.0/go.mod h1:HV8QOd/L58Z+nl8r43ehVNZIU/HEI6OcFqwMG9pJV4I=
gopkg.in/inf.v0 v0.9.1 h1:73M5CoZyi3ZLMOyDlQh031Cx6N9NDJ2Vvfl76EDAgDc=
gopkg.in/inf.v0 v0.9.1/go.mod h1:cWUDdTG/fYaXco+Dcufb5Vnc6Gp2YChqWtbxRZE0mXw=
gopkg.in/ini.v1 v1.62.0 h1:duBzk771uxoUuOlyRLkHsygud9+5lrlGjdFBb4mSKDU=
gopkg.in/ini.v1 v1.62.0/go.mod h1:pNLf8WUiyNEtQjuu5G5vTm06TEv9tsIgeAvK8hOrP4k=
gopkg.in/natefinch/lumberjack.v2 v2.0.0 h1:1Lc07Kr7qY4U2YPouBjpCLxpiyxIVoxqXgkXLknAOE8=
gopkg.in/natefinch/lumberjack.v2 v2.0.0/go.mod h1:l0ndWWf7gzL7RNwBG7wST/UCcT4T24xpD6X8LsfU/+k=
gopkg.in/tomb.v1 v1.0.0-20141024135613-dd632973f1e7 h1:uRGJdciOHaEIrze2W8Q3AKkepLTh2hOroT7a+7czfdQ=
gopkg.in/tomb.v1 v1.0.0-20141024135613-dd632973f1e7/go.mod h1:dt/ZhP58zS4L8KSrWDmTeBkI65Dw0HsyUHuEVlX15mw=
gopkg.in/yaml.v2 v2.4.0 h1:D8xgwECY7CYvx+Y2n4sBz93Jn9JRvxdiyyo8CTfuKaY=
gopkg.in/yaml.v2 v2.4.0/go.mod h1:RDklbk79AGWmwhnvt/jBztapEOGDOx6ZbXqjP6csGnQ=
gopkg.in/yaml.v3 v3.0.1 h1:fxVm/GzAzEWqLHuvctI91KS9hhNmmWOoWu0XTYJS7CA=
gopkg.in/yaml.v3 v3.0.1/go.mod h1:K4uyk7z7BCEPqu6E+C64Yfv1cQ7kz7rIZviUmN+EgEM=
k8s.io/api v0.24.1 h1:BjCMRDcyEYz03joa3K1+rbshwh1Ay6oB53+iUx2H8UY=
k8s.io/api v0.24.1/go.mod h1:JhoOvNiLXKTPQ60zh2g0ewpA+bnEYf5q44Flhquh4vQ=
k8s.io/apiextensions-apiserver v0.24.1 h1:5yBh9+ueTq/kfnHQZa0MAo6uNcPrtxPMpNQgorBaKS0=
k8s.io/apiextensions-apiserver v0.24.1/go.mod h1:A6MHfaLDGfjOc/We2nM7uewD5Oa/FnEbZ6cD7g2ca4Q=
k8s.io/apimachinery v0.24.1 h1:ShD4aDxTQKN5zNf8K1RQ2u98ELLdIW7jEnlO9uAMX/I=
k8s.io/apimachinery v0.24.1/go.mod h1:82Bi4sCzVBdpYjyI4jY6aHX+YCUchUIrZrXKedjd2UM=
k8s.io/apiserver v0.24.1 h1:LAA5UpPOeaREEtFAQRUQOI3eE5So/j5J3zeQJjeLdz4=
k8s.io/apiserver v0.24.1/go.mod h1:dQWNMx15S8NqJMp0gpYfssyvhYnkilc1LpExd/dkLh0=
k8s.io/client-go v0.24.1 h1:w1hNdI9PFrzu3OlovVeTnf4oHDt+FJLd9Ndluvnb42E=
k8s.io/client-go v0.24.1/go.mod h1:f1kIDqcEYmwXS/vTbbhopMUbhKp2JhOeVTfxgaCIlF8=
k8s.io/cloud-provider v0.24.1 h1:SaQNq2Ax+epdY9wFngwN9GWpOVnM72hUqr2qy20cOvg=
k8s.io/cloud-provider v0.24.1/go.mod h1:h5m/KIiwiQ76hpUBsgrwm/rxteIfJG9kJQ/+/w1as2M=
k8s.io/component-base v0.24.1 h1:APv6W/YmfOWZfo+XJ1mZwep/f7g7Tpwvdbo9CQLDuts=
k8s.io/component-base v0.24.1/go.mod h1:DW5vQGYVCog8WYpNob3PMmmsY8A3L9QZNg4j/dV3s38=
k8s.io/component-helpers v0.24.1 h1:pk68RSRhkGX75nhtAkilguKbq/0MyXbQqmrZoQu4nbs=
k8s.io/component-helpers v0.24.1/go.mod h1:q5Z1pWV/QfX9ThuNeywxasiwkLw9KsR4Q9TAOdb/Y3s=
k8s.io/controller-manager v0.24.1 h1:h3lGBf9/yeaYQ3TeODFL1soPv43HX1HOUYZ7Pq+iiQw=
k8s.io/controller-manager v0.24.1/go.mod h1:g105ENexD6A2holEq7Bl6ae+69LJHiLnoEEm7wkE6sc=
k8s.io/csi-translation-lib v0.24.1 h1:fY5m3Nojju8mOfxF88BEQfj1cMnWwX+zZGRq0PHazfo=
k8s.io/csi-translation-lib v0.24.1/go.mod h1:16nY6xx3XR4+TASMfTtake2ouK1IPz0t/baNmngzR4I=
k8s.io/klog v1.0.0 h1:Pt+yjF5aB1xDSVbau4VsWe+dQNzA0qv1LlXdC2dF6Q8=
k8s.io/klog v1.0.0/go.mod h1:4Bi6QPql/J/LkTDqv7R/cd3hPo4k2DG6Ptcz060Ez5I=
k8s.io/klog/v2 v2.60.1 h1:VW25q3bZx9uE3vvdL6M8ezOX79vA2Aq1nEWLqNQclHc=
k8s.io/klog/v2 v2.60.1/go.mod h1:y1WjHnz7Dj687irZUWR/WLkLc5N1YHtjLdmgWjndZn0=
k8s.io/kube-openapi v0.0.0-20220401212409-b28bf2818661 h1:nqYOUleKLC/0P1zbU29F5q6aoezM6MOAVz+iyfQbZ5M=
k8s.io/kube-openapi v0.0.0-20220401212409-b28bf2818661/go.mod h1:daOouuuwd9JXpv1L7Y34iV3yf6nxzipkKMWWlqlvK9M=
k8s.io/kube-scheduler v0.24.1 h1:9IZVhj7Gb09go4vP35cSgvoyVHmxjU1u400VM4YJZ/g=
k8s.io/kube-scheduler v0.24.1/go.mod h1:mxSsC5sg710qdrN9oY+OSkHRSgYOv6qA2vEEt1t6Ax4=
k8s.io/kubectl v0.24.1 h1:gxcjHrnwntV1c+G/BHWVv4Mtk8CQJ0WTraElLBG+ddk=
k8s.io/kubectl v0.24.1/go.mod h1:NzFqQ50B004fHYWOfhHTrAm4TY6oGF5FAAL13LEaeUI=
k8s.io/kubelet v0.24.1 h1:CLgXZ9kKDQoNQFSwKk6vUE5gXNaX1/s8VM8Oq/P5S+o=
k8s.io/kubelet v0.24.1/go.mod h1:LShXfjNO1or7ktsorODSOu8+Kd5dHzWF3DtVLXeP3JE=
k8s.io/kubernetes v1.24.1 h1:cfRZCNrJN9hR49SBSGLHhn+IdAcfx6OVXadGvWuvYaM=
k8s.io/kubernetes v1.24.1/go.mod h1:8e8maMiZzBR2/8Po5Uulx+MXZUYJuN3vtKwD4Ct1Xi0=
k8s.io/mount-utils v0.24.1 h1:juKCvkiP4sWklb72OIk/qW7UhDns41ldcR/EHu/T1uA=
k8s.io/mount-utils v0.24.1/go.mod h1:XrSqB3a2e8sq+aU+rlbcBtQ3EgcuDk5RP9ZsGxjoDrI=
k8s.io/utils v0.0.0-20220210201930-3a6ce19ff2f9 h1:HNSDgDCrr/6Ly3WEGKZftiE7IY19Vz2GdbOCyI4qqhc=
k8s.io/utils v0.0.0-20220210201930-3a6ce19ff2f9/go.mod h1:jPW/WVKK9YHAvNhRxK0md/EJ228hCsBRufyofKtW8HA=
sigs.k8s.io/apiserver-network-proxy/konnectivity-client v0.0.30 h1:dUk62HQ3ZFhD48Qr8MIXCiKA8wInBQCtuE4QGfFW7yA=
sigs.k8s.io/apiserver-network-proxy/konnectivity-client v0.0.30/go.mod h1:fEO7lRTdivWO2qYVCVG7dEADOMo/MLDCVr8So2g88Uw=
sigs.k8s.io/controller-runtime v0.11.2 h1:H5GTxQl0Mc9UjRJhORusqfJCIjBO8UtUxGggCwL1rLA=
sigs.k8s.io/controller-runtime v0.11.2/go.mod h1:P6QCzrEjLaZGqHsfd+os7JQ+WFZhvB8MRFsn4dWF7O4=
sigs.k8s.io/json v0.0.0-20211208200746-9f7c6b3444d2 h1:kDi4JBNAsJWfz1aEXhO8Jg87JJaPNLh5tIzYHgStQ9Y=
sigs.k8s.io/json v0.0.0-20211208200746-9f7c6b3444d2/go.mod h1:B+TnT182UBxE84DiCz4CVE26eOSDAeYCpfDnC2kdKMY=
sigs.k8s.io/sig-storage-lib-external-provisioner/v8 v8.0.0-20220531195724-a4ce2c1d2e52 h1:qPr8XXzH1BI3SZMQWW5tIcqq204bTNzYOw9xfhMpC/U=
sigs.k8s.io/sig-storage-lib-external-provisioner/v8 v8.0.0-20220531195724-a4ce2c1d2e52/go.mod h1:Ybdr2Czs50F8sTnePvolPpDxS2cDA3vR4gHMYp2yRTs=
sigs.k8s.io/structured-merge-diff/v4 v4.2.1 h1:bKCqE9GvQ5tiVHn5rfn1r+yao3aLQEaLzkkmAkf+A6Y=
sigs.k8s.io/structured-merge-diff/v4 v4.2.1/go.mod h1:j/nl6xW8vLS49O8YvXW1ocPhZawJtm+Yrr7PPRQ0Vg4=
sigs.k8s.io/yaml v1.3.0 h1:a2VclLzOGrwOHDiV8EfBGhvjHvP46CtW5j6POvhYGGo=
sigs.k8s.io/yaml v1.3.0/go.mod h1:GeOyir5tyXNByN85N/dRIT9es5UQNerPYEKK56eTBm8=
